// !$*UTF8*$!
{
	archiveVersion = 1;
	classes = {
	};
	objectVersion = 60;
	objects = {

/* Begin PBXBuildFile section */
		8C54D5802B900A8700961096 /* SpatialQuranApp.swift in Sources */ = {isa = PBXBuildFile; fileRef = 8C54D57F2B900A8700961096 /* SpatialQuranApp.swift */; };
		8C54D5822B900A8700961096 /* ContentView.swift in Sources */ = {isa = PBXBuildFile; fileRef = 8C54D5812B900A8700961096 /* ContentView.swift */; };
		8C54D5842B900A8D00961096 /* Assets.xcassets in Resources */ = {isa = PBXBuildFile; fileRef = 8C54D5832B900A8D00961096 /* Assets.xcassets */; };
		8C54D5872B900A8D00961096 /* Preview Assets.xcassets in Resources */ = {isa = PBXBuildFile; fileRef = 8C54D5862B900A8D00961096 /* Preview Assets.xcassets */; };
		8C54D5932B90D6C800961096 /* DisplayText.swift in Sources */ = {isa = PBXBuildFile; fileRef = 8C54D5912B90D6C800961096 /* DisplayText.swift */; };
		8C54D5942B90D6C800961096 /* FetchQuranVerse.swift in Sources */ = {isa = PBXBuildFile; fileRef = 8C54D5922B90D6C800961096 /* FetchQuranVerse.swift */; };
		8C660C192B91664400DBBDFF /* street.usdz in Resources */ = {isa = PBXBuildFile; fileRef = 8C660C182B91664400DBBDFF /* street.usdz */; };
		8C660C1B2B91A02000DBBDFF /* Quran.swift in Sources */ = {isa = PBXBuildFile; fileRef = 8C660C1A2B91A02000DBBDFF /* Quran.swift */; };
		8C6957EC2B9563980034A3A0 /* SurahView.swift in Sources */ = {isa = PBXBuildFile; fileRef = 8C6957EB2B9563980034A3A0 /* SurahView.swift */; };
		8C9139B62BB4ECA300C05976 /* kaba.usdz in Resources */ = {isa = PBXBuildFile; fileRef = 8C9139B52BB4ECA300C05976 /* kaba.usdz */; };
		8C9139B82BB7799800C05976 /* Models.swift in Sources */ = {isa = PBXBuildFile; fileRef = 8C9139B72BB7799800C05976 /* Models.swift */; };
		8C9139BA2BB812DD00C05976 /* AyahView.swift in Sources */ = {isa = PBXBuildFile; fileRef = 8C9139B92BB812DD00C05976 /* AyahView.swift */; };
		8CA828F72BD0A29D0079B326 /* SurahPicker.swift in Sources */ = {isa = PBXBuildFile; fileRef = 8CA828F52BD09F4F0079B326 /* SurahPicker.swift */; };
		8CC429072B992DD100B57CBB /* ImageView.swift in Sources */ = {isa = PBXBuildFile; fileRef = 8CC429062B992DD100B57CBB /* ImageView.swift */; };
		8CED18042B967FFE00DB88CF /* ImmersiveView.swift in Sources */ = {isa = PBXBuildFile; fileRef = 8CED18032B967FFE00DB88CF /* ImmersiveView.swift */; };
/* End PBXBuildFile section */

/* Begin PBXFileReference section */
		8C54D5782B900A8700961096 /* SpatialQuran.app */ = {isa = PBXFileReference; explicitFileType = wrapper.application; includeInIndex = 0; path = SpatialQuran.app; sourceTree = BUILT_PRODUCTS_DIR; };
		8C54D57F2B900A8700961096 /* SpatialQuranApp.swift */ = {isa = PBXFileReference; lastKnownFileType = sourcecode.swift; path = SpatialQuranApp.swift; sourceTree = "<group>"; };
		8C54D5812B900A8700961096 /* ContentView.swift */ = {isa = PBXFileReference; lastKnownFileType = sourcecode.swift; path = ContentView.swift; sourceTree = "<group>"; };
		8C54D5832B900A8D00961096 /* Assets.xcassets */ = {isa = PBXFileReference; lastKnownFileType = folder.assetcatalog; path = Assets.xcassets; sourceTree = "<group>"; };
		8C54D5862B900A8D00961096 /* Preview Assets.xcassets */ = {isa = PBXFileReference; lastKnownFileType = folder.assetcatalog; path = "Preview Assets.xcassets"; sourceTree = "<group>"; };
		8C54D5882B900A8D00961096 /* Info.plist */ = {isa = PBXFileReference; lastKnownFileType = text.plist.xml; path = Info.plist; sourceTree = "<group>"; };
		8C54D5912B90D6C800961096 /* DisplayText.swift */ = {isa = PBXFileReference; fileEncoding = 4; lastKnownFileType = sourcecode.swift; path = DisplayText.swift; sourceTree = "<group>"; };
		8C54D5922B90D6C800961096 /* FetchQuranVerse.swift */ = {isa = PBXFileReference; fileEncoding = 4; lastKnownFileType = sourcecode.swift; path = FetchQuranVerse.swift; sourceTree = "<group>"; };
		8C660C182B91664400DBBDFF /* street.usdz */ = {isa = PBXFileReference; lastKnownFileType = file.usdz; path = street.usdz; sourceTree = "<group>"; };
		8C660C1A2B91A02000DBBDFF /* Quran.swift */ = {isa = PBXFileReference; lastKnownFileType = sourcecode.swift; path = Quran.swift; sourceTree = "<group>"; };
		8C660C1C2B91A15C00DBBDFF /* MyPlayground.playground */ = {isa = PBXFileReference; lastKnownFileType = file.playground; path = MyPlayground.playground; sourceTree = "<group>"; xcLanguageSpecificationIdentifier = xcode.lang.swift; };
		8C6957EB2B9563980034A3A0 /* SurahView.swift */ = {isa = PBXFileReference; lastKnownFileType = sourcecode.swift; path = SurahView.swift; sourceTree = "<group>"; };
		8C9139B52BB4ECA300C05976 /* kaba.usdz */ = {isa = PBXFileReference; lastKnownFileType = file.usdz; path = kaba.usdz; sourceTree = "<group>"; };
		8C9139B72BB7799800C05976 /* Models.swift */ = {isa = PBXFileReference; lastKnownFileType = sourcecode.swift; path = Models.swift; sourceTree = "<group>"; };
		8C9139B92BB812DD00C05976 /* AyahView.swift */ = {isa = PBXFileReference; lastKnownFileType = sourcecode.swift; path = AyahView.swift; sourceTree = "<group>"; };
		8CA828F52BD09F4F0079B326 /* SurahPicker.swift */ = {isa = PBXFileReference; lastKnownFileType = sourcecode.swift; path = SurahPicker.swift; sourceTree = "<group>"; };
		8CC429062B992DD100B57CBB /* ImageView.swift */ = {isa = PBXFileReference; lastKnownFileType = sourcecode.swift; path = ImageView.swift; sourceTree = "<group>"; };
		8CED18032B967FFE00DB88CF /* ImmersiveView.swift */ = {isa = PBXFileReference; lastKnownFileType = sourcecode.swift; path = ImmersiveView.swift; sourceTree = "<group>"; };
/* End PBXFileReference section */

/* Begin PBXFrameworksBuildPhase section */
		8C54D5752B900A8700961096 /* Frameworks */ = {
			isa = PBXFrameworksBuildPhase;
			buildActionMask = 2147483647;
			files = (
			);
			runOnlyForDeploymentPostprocessing = 0;
		};
/* End PBXFrameworksBuildPhase section */

/* Begin PBXGroup section */
		8C54D56F2B900A8700961096 = {
			isa = PBXGroup;
			children = (
				8C9139B92BB812DD00C05976 /* AyahView.swift */,
				8CC429062B992DD100B57CBB /* ImageView.swift */,
				8C660C1C2B91A15C00DBBDFF /* MyPlayground.playground */,
				8C660C1A2B91A02000DBBDFF /* Quran.swift */,
				8C9139B72BB7799800C05976 /* Models.swift */,
				8C660C182B91664400DBBDFF /* street.usdz */,
				8C54D5912B90D6C800961096 /* DisplayText.swift */,
				8C54D5922B90D6C800961096 /* FetchQuranVerse.swift */,
				8C54D57A2B900A8700961096 /* SpatialQuran */,
				8C54D5792B900A8700961096 /* Products */,
			);
			sourceTree = "<group>";
		};
		8C54D5792B900A8700961096 /* Products */ = {
			isa = PBXGroup;
			children = (
				8C54D5782B900A8700961096 /* SpatialQuran.app */,
			);
			name = Products;
			sourceTree = "<group>";
		};
		8C54D57A2B900A8700961096 /* SpatialQuran */ = {
			isa = PBXGroup;
			children = (
				8C9139B52BB4ECA300C05976 /* kaba.usdz */,
				8C54D57F2B900A8700961096 /* SpatialQuranApp.swift */,
				8C54D5812B900A8700961096 /* ContentView.swift */,
				8CA828F52BD09F4F0079B326 /* SurahPicker.swift */,
				8C54D5832B900A8D00961096 /* Assets.xcassets */,
				8C54D5882B900A8D00961096 /* Info.plist */,
				8C54D5852B900A8D00961096 /* Preview Content */,
				8C6957EB2B9563980034A3A0 /* SurahView.swift */,
				8CED18032B967FFE00DB88CF /* ImmersiveView.swift */,
			);
			path = SpatialQuran;
			sourceTree = "<group>";
		};
		8C54D5852B900A8D00961096 /* Preview Content */ = {
			isa = PBXGroup;
			children = (
				8C54D5862B900A8D00961096 /* Preview Assets.xcassets */,
			);
			path = "Preview Content";
			sourceTree = "<group>";
		};
/* End PBXGroup section */

/* Begin PBXNativeTarget section */
		8C54D5772B900A8700961096 /* SpatialQuran */ = {
			isa = PBXNativeTarget;
			buildConfigurationList = 8C54D58B2B900A8D00961096 /* Build configuration list for PBXNativeTarget "SpatialQuran" */;
			buildPhases = (
				8C54D5742B900A8700961096 /* Sources */,
				8C54D5752B900A8700961096 /* Frameworks */,
				8C54D5762B900A8700961096 /* Resources */,
			);
			buildRules = (
			);
			dependencies = (
			);
			name = SpatialQuran;
			packageProductDependencies = (
			);
			productName = SpatialQuran;
			productReference = 8C54D5782B900A8700961096 /* SpatialQuran.app */;
			productType = "com.apple.product-type.application";
		};
/* End PBXNativeTarget section */

/* Begin PBXProject section */
		8C54D5702B900A8700961096 /* Project object */ = {
			isa = PBXProject;
			attributes = {
				BuildIndependentTargetsInParallel = 1;
				LastSwiftUpdateCheck = 1520;
				LastUpgradeCheck = 1520;
				TargetAttributes = {
					8C54D5772B900A8700961096 = {
						CreatedOnToolsVersion = 15.2;
					};
				};
			};
			buildConfigurationList = 8C54D5732B900A8700961096 /* Build configuration list for PBXProject "SpatialQuran" */;
			compatibilityVersion = "Xcode 14.0";
			developmentRegion = en;
			hasScannedForEncodings = 0;
			knownRegions = (
				en,
				Base,
			);
			mainGroup = 8C54D56F2B900A8700961096;
			packageReferences = (
				8CC429032B992D5A00B57CBB /* XCLocalSwiftPackageReference "../../../Downloads/GenerativeDoodleArt_VisionOS-main/Packages/RealityKitContent" */,
			);
			productRefGroup = 8C54D5792B900A8700961096 /* Products */;
			projectDirPath = "";
			projectRoot = "";
			targets = (
				8C54D5772B900A8700961096 /* SpatialQuran */,
			);
		};
/* End PBXProject section */

/* Begin PBXResourcesBuildPhase section */
		8C54D5762B900A8700961096 /* Resources */ = {
			isa = PBXResourcesBuildPhase;
			buildActionMask = 2147483647;
			files = (
				8C9139B62BB4ECA300C05976 /* kaba.usdz in Resources */,
				8C54D5872B900A8D00961096 /* Preview Assets.xcassets in Resources */,
				8C660C192B91664400DBBDFF /* street.usdz in Resources */,
				8C54D5842B900A8D00961096 /* Assets.xcassets in Resources */,
			);
			runOnlyForDeploymentPostprocessing = 0;
		};
/* End PBXResourcesBuildPhase section */

/* Begin PBXSourcesBuildPhase section */
		8C54D5742B900A8700961096 /* Sources */ = {
			isa = PBXSourcesBuildPhase;
			buildActionMask = 2147483647;
			files = (
				8CC429072B992DD100B57CBB /* ImageView.swift in Sources */,
				8C54D5822B900A8700961096 /* ContentView.swift in Sources */,
				8C660C1B2B91A02000DBBDFF /* Quran.swift in Sources */,
				8CA828F72BD0A29D0079B326 /* SurahPicker.swift in Sources */,
				8C54D5802B900A8700961096 /* SpatialQuranApp.swift in Sources */,
				8CED18042B967FFE00DB88CF /* ImmersiveView.swift in Sources */,
				8C54D5942B90D6C800961096 /* FetchQuranVerse.swift in Sources */,
				8C9139B82BB7799800C05976 /* Models.swift in Sources */,
				8C9139BA2BB812DD00C05976 /* AyahView.swift in Sources */,
				8C6957EC2B9563980034A3A0 /* SurahView.swift in Sources */,
				8C54D5932B90D6C800961096 /* DisplayText.swift in Sources */,
			);
			runOnlyForDeploymentPostprocessing = 0;
		};
/* End PBXSourcesBuildPhase section */

/* Begin XCBuildConfiguration section */
		8C54D5892B900A8D00961096 /* Debug */ = {
			isa = XCBuildConfiguration;
			buildSettings = {
				ALWAYS_SEARCH_USER_PATHS = NO;
				ASSETCATALOG_COMPILER_GENERATE_SWIFT_ASSET_SYMBOL_EXTENSIONS = YES;
				CLANG_ANALYZER_NONNULL = YES;
				CLANG_ANALYZER_NUMBER_OBJECT_CONVERSION = YES_AGGRESSIVE;
				CLANG_CXX_LANGUAGE_STANDARD = "gnu++20";
				CLANG_ENABLE_MODULES = YES;
				CLANG_ENABLE_OBJC_ARC = YES;
				CLANG_ENABLE_OBJC_WEAK = YES;
				CLANG_WARN_BLOCK_CAPTURE_AUTORELEASING = YES;
				CLANG_WARN_BOOL_CONVERSION = YES;
				CLANG_WARN_COMMA = YES;
				CLANG_WARN_CONSTANT_CONVERSION = YES;
				CLANG_WARN_DEPRECATED_OBJC_IMPLEMENTATIONS = YES;
				CLANG_WARN_DIRECT_OBJC_ISA_USAGE = YES_ERROR;
				CLANG_WARN_DOCUMENTATION_COMMENTS = YES;
				CLANG_WARN_EMPTY_BODY = YES;
				CLANG_WARN_ENUM_CONVERSION = YES;
				CLANG_WARN_INFINITE_RECURSION = YES;
				CLANG_WARN_INT_CONVERSION = YES;
				CLANG_WARN_NON_LITERAL_NULL_CONVERSION = YES;
				CLANG_WARN_OBJC_IMPLICIT_RETAIN_SELF = YES;
				CLANG_WARN_OBJC_LITERAL_CONVERSION = YES;
				CLANG_WARN_OBJC_ROOT_CLASS = YES_ERROR;
				CLANG_WARN_QUOTED_INCLUDE_IN_FRAMEWORK_HEADER = YES;
				CLANG_WARN_RANGE_LOOP_ANALYSIS = YES;
				CLANG_WARN_STRICT_PROTOTYPES = YES;
				CLANG_WARN_SUSPICIOUS_MOVE = YES;
				CLANG_WARN_UNGUARDED_AVAILABILITY = YES_AGGRESSIVE;
				CLANG_WARN_UNREACHABLE_CODE = YES;
				CLANG_WARN__DUPLICATE_METHOD_MATCH = YES;
				COPY_PHASE_STRIP = NO;
				DEBUG_INFORMATION_FORMAT = dwarf;
				ENABLE_STRICT_OBJC_MSGSEND = YES;
				ENABLE_TESTABILITY = YES;
				ENABLE_USER_SCRIPT_SANDBOXING = YES;
				GCC_C_LANGUAGE_STANDARD = gnu17;
				GCC_DYNAMIC_NO_PIC = NO;
				GCC_NO_COMMON_BLOCKS = YES;
				GCC_OPTIMIZATION_LEVEL = 0;
				GCC_PREPROCESSOR_DEFINITIONS = (
					"DEBUG=1",
					"$(inherited)",
				);
				GCC_WARN_64_TO_32_BIT_CONVERSION = YES;
				GCC_WARN_ABOUT_RETURN_TYPE = YES_ERROR;
				GCC_WARN_UNDECLARED_SELECTOR = YES;
				GCC_WARN_UNINITIALIZED_AUTOS = YES_AGGRESSIVE;
				GCC_WARN_UNUSED_FUNCTION = YES;
				GCC_WARN_UNUSED_VARIABLE = YES;
				LOCALIZATION_PREFERS_STRING_CATALOGS = YES;
				MTL_ENABLE_DEBUG_INFO = INCLUDE_SOURCE;
				MTL_FAST_MATH = YES;
				ONLY_ACTIVE_ARCH = YES;
				SDKROOT = xros;
				SWIFT_ACTIVE_COMPILATION_CONDITIONS = "DEBUG $(inherited)";
				SWIFT_OPTIMIZATION_LEVEL = "-Onone";
				XROS_DEPLOYMENT_TARGET = 1.0;
			};
			name = Debug;
		};
		8C54D58A2B900A8D00961096 /* Release */ = {
			isa = XCBuildConfiguration;
			buildSettings = {
				ALWAYS_SEARCH_USER_PATHS = NO;
				ASSETCATALOG_COMPILER_GENERATE_SWIFT_ASSET_SYMBOL_EXTENSIONS = YES;
				CLANG_ANALYZER_NONNULL = YES;
				CLANG_ANALYZER_NUMBER_OBJECT_CONVERSION = YES_AGGRESSIVE;
				CLANG_CXX_LANGUAGE_STANDARD = "gnu++20";
				CLANG_ENABLE_MODULES = YES;
				CLANG_ENABLE_OBJC_ARC = YES;
				CLANG_ENABLE_OBJC_WEAK = YES;
				CLANG_WARN_BLOCK_CAPTURE_AUTORELEASING = YES;
				CLANG_WARN_BOOL_CONVERSION = YES;
				CLANG_WARN_COMMA = YES;
				CLANG_WARN_CONSTANT_CONVERSION = YES;
				CLANG_WARN_DEPRECATED_OBJC_IMPLEMENTATIONS = YES;
				CLANG_WARN_DIRECT_OBJC_ISA_USAGE = YES_ERROR;
				CLANG_WARN_DOCUMENTATION_COMMENTS = YES;
				CLANG_WARN_EMPTY_BODY = YES;
				CLANG_WARN_ENUM_CONVERSION = YES;
				CLANG_WARN_INFINITE_RECURSION = YES;
				CLANG_WARN_INT_CONVERSION = YES;
				CLANG_WARN_NON_LITERAL_NULL_CONVERSION = YES;
				CLANG_WARN_OBJC_IMPLICIT_RETAIN_SELF = YES;
				CLANG_WARN_OBJC_LITERAL_CONVERSION = YES;
				CLANG_WARN_OBJC_ROOT_CLASS = YES_ERROR;
				CLANG_WARN_QUOTED_INCLUDE_IN_FRAMEWORK_HEADER = YES;
				CLANG_WARN_RANGE_LOOP_ANALYSIS = YES;
				CLANG_WARN_STRICT_PROTOTYPES = YES;
				CLANG_WARN_SUSPICIOUS_MOVE = YES;
				CLANG_WARN_UNGUARDED_AVAILABILITY = YES_AGGRESSIVE;
				CLANG_WARN_UNREACHABLE_CODE = YES;
				CLANG_WARN__DUPLICATE_METHOD_MATCH = YES;
				COPY_PHASE_STRIP = NO;
				DEBUG_INFORMATION_FORMAT = "dwarf-with-dsym";
				ENABLE_NS_ASSERTIONS = NO;
				ENABLE_STRICT_OBJC_MSGSEND = YES;
				ENABLE_USER_SCRIPT_SANDBOXING = YES;
				GCC_C_LANGUAGE_STANDARD = gnu17;
				GCC_NO_COMMON_BLOCKS = YES;
				GCC_WARN_64_TO_32_BIT_CONVERSION = YES;
				GCC_WARN_ABOUT_RETURN_TYPE = YES_ERROR;
				GCC_WARN_UNDECLARED_SELECTOR = YES;
				GCC_WARN_UNINITIALIZED_AUTOS = YES_AGGRESSIVE;
				GCC_WARN_UNUSED_FUNCTION = YES;
				GCC_WARN_UNUSED_VARIABLE = YES;
				LOCALIZATION_PREFERS_STRING_CATALOGS = YES;
				MTL_ENABLE_DEBUG_INFO = NO;
				MTL_FAST_MATH = YES;
				SDKROOT = xros;
				SWIFT_COMPILATION_MODE = wholemodule;
				VALIDATE_PRODUCT = YES;
				XROS_DEPLOYMENT_TARGET = 1.0;
			};
			name = Release;
		};
		8C54D58C2B900A8D00961096 /* Debug */ = {
			isa = XCBuildConfiguration;
			buildSettings = {
				ASSETCATALOG_COMPILER_APPICON_NAME = AppIcon;
				ASSETCATALOG_COMPILER_GLOBAL_ACCENT_COLOR_NAME = AccentColor;
				CODE_SIGN_STYLE = Automatic;
				CURRENT_PROJECT_VERSION = 1;
				DEVELOPMENT_ASSET_PATHS = "\"SpatialQuran/Preview Content\"";
				DEVELOPMENT_TEAM = 55N9G92HC4;
				ENABLE_PREVIEWS = YES;
				GENERATE_INFOPLIST_FILE = YES;
				INFOPLIST_FILE = "$(TARGET_NAME)/Info.plist";
				LD_RUNPATH_SEARCH_PATHS = (
					"$(inherited)",
					"@executable_path/Frameworks",
				);
				MARKETING_VERSION = 1.0;
				PRODUCT_BUNDLE_IDENTIFIER = bonito.SpatialQuran;
				PRODUCT_NAME = "$(TARGET_NAME)";
				SUPPORTED_PLATFORMS = "xros xrsimulator";
				SWIFT_EMIT_LOC_STRINGS = YES;
				SWIFT_VERSION = 5.0;
				TARGETED_DEVICE_FAMILY = "1,2,7";
			};
			name = Debug;
		};
		8C54D58D2B900A8D00961096 /* Release */ = {
			isa = XCBuildConfiguration;
			buildSettings = {
				ASSETCATALOG_COMPILER_APPICON_NAME = AppIcon;
				ASSETCATALOG_COMPILER_GLOBAL_ACCENT_COLOR_NAME = AccentColor;
				CODE_SIGN_STYLE = Automatic;
				CURRENT_PROJECT_VERSION = 1;
				DEVELOPMENT_ASSET_PATHS = "\"SpatialQuran/Preview Content\"";
				DEVELOPMENT_TEAM = 55N9G92HC4;
				ENABLE_PREVIEWS = YES;
				GENERATE_INFOPLIST_FILE = YES;
				INFOPLIST_FILE = "$(TARGET_NAME)/Info.plist";
				LD_RUNPATH_SEARCH_PATHS = (
					"$(inherited)",
					"@executable_path/Frameworks",
				);
				MARKETING_VERSION = 1.0;
				PRODUCT_BUNDLE_IDENTIFIER = bonito.SpatialQuran;
				PRODUCT_NAME = "$(TARGET_NAME)";
				SUPPORTED_PLATFORMS = "xros xrsimulator";
				SWIFT_EMIT_LOC_STRINGS = YES;
				SWIFT_VERSION = 5.0;
				TARGETED_DEVICE_FAMILY = "1,2,7";
			};
			name = Release;
		};
/* End XCBuildConfiguration section */

/* Begin XCConfigurationList section */
		8C54D5732B900A8700961096 /* Build configuration list for PBXProject "SpatialQuran" */ = {
			isa = XCConfigurationList;
			buildConfigurations = (
				8C54D5892B900A8D00961096 /* Debug */,
				8C54D58A2B900A8D00961096 /* Release */,
			);
			defaultConfigurationIsVisible = 0;
			defaultConfigurationName = Release;
		};
		8C54D58B2B900A8D00961096 /* Build configuration list for PBXNativeTarget "SpatialQuran" */ = {
			isa = XCConfigurationList;
			buildConfigurations = (
				8C54D58C2B900A8D00961096 /* Debug */,
				8C54D58D2B900A8D00961096 /* Release */,
			);
			defaultConfigurationIsVisible = 0;
			defaultConfigurationName = Release;
		};
/* End XCConfigurationList section */

/* Begin XCLocalSwiftPackageReference section */
		8CC429032B992D5A00B57CBB /* XCLocalSwiftPackageReference "../../../Downloads/GenerativeDoodleArt_VisionOS-main/Packages/RealityKitContent" */ = {
			isa = XCLocalSwiftPackageReference;
			relativePath = "../../../Downloads/GenerativeDoodleArt_VisionOS-main/Packages/RealityKitContent";
		};
/* End XCLocalSwiftPackageReference section */
	};
	rootObject = 8C54D5702B900A8700961096 /* Project object */;
}
